
Microsoft Visual Studio Solution File, Format Version 12.00
# Visual Studio Version 16
VisualStudioVersion = 16.0.30711.63
MinimumVisualStudioVersion = 10.0.40219.1
Project("{FAE04EC0-301F-11D3-BF4B-00C04F79EFBC}") = "ProjectQ093", "ProjectQ093\ProjectQ093.csproj", "{4E263273-4F0F-405D-9AF3-F4F69BCC5029}"
EndProject
Global
	GlobalSection(SolutionConfigurationPlatforms) = preSolution
		Debug|Any CPU = Debug|Any CPU
		Release|Any CPU = Release|Any CPU
	EndGlobalSection
	GlobalSection(ProjectConfigurationPlatforms) = postSolution
		{4E263273-4F0F-405D-9AF3-F4F69BCC5029}.Debug|Any CPU.ActiveCfg = Debug|Any CPU
		{4E263273-4F0F-405D-9AF3-F4F69BCC5029}.Debug|Any CPU.Build.0 = Debug|Any CPU
		{4E263273-4F0F-405D-9AF3-F4F69BCC5029}.Release|Any CPU.ActiveCfg = Release|Any CPU
		{4E263273-4F0F-405D-9AF3-F4F69BCC5029}.Release|Any CPU.Build.0 = Release|Any CPU
	EndGlobalSection
	GlobalSection(SolutionProperties) = preSolution
		HideSolutionNode = FALSE
	EndGlobalSection
	GlobalSection(ExtensibilityGlobals) = postSolution
		SolutionGuid = {B6B65E79-FE9F-4937-9817-2208F59C8CA4}
	EndGlobalSection
EndGlobal
