
Microsoft Visual Studio Solution File, Format Version 12.00
# Visual Studio Version 16
VisualStudioVersion = 16.0.30503.244
MinimumVisualStudioVersion = 10.0.40219.1
Project("{FAE04EC0-301F-11D3-BF4B-00C04F79EFBC}") = "ProjectQ030", "ProjectQ030.csproj", "{79C3C2FC-A466-4AD2-AFE1-94F513FC29F2}"
EndProject
Project("{FAE04EC0-301F-11D3-BF4B-00C04F79EFBC}") = "ProjectoQ030_alternativa", "..\ProjectoQ030_alternativa\ProjectoQ030_alternativa.csproj", "{392687D2-7405-445F-8008-2EC0CB801877}"
EndProject
Global
	GlobalSection(SolutionConfigurationPlatforms) = preSolution
		Debug|Any CPU = Debug|Any CPU
		Release|Any CPU = Release|Any CPU
	EndGlobalSection
	GlobalSection(ProjectConfigurationPlatforms) = postSolution
		{79C3C2FC-A466-4AD2-AFE1-94F513FC29F2}.Debug|Any CPU.ActiveCfg = Debug|Any CPU
		{79C3C2FC-A466-4AD2-AFE1-94F513FC29F2}.Debug|Any CPU.Build.0 = Debug|Any CPU
		{79C3C2FC-A466-4AD2-AFE1-94F513FC29F2}.Release|Any CPU.ActiveCfg = Release|Any CPU
		{79C3C2FC-A466-4AD2-AFE1-94F513FC29F2}.Release|Any CPU.Build.0 = Release|Any CPU
		{392687D2-7405-445F-8008-2EC0CB801877}.Debug|Any CPU.ActiveCfg = Debug|Any CPU
		{392687D2-7405-445F-8008-2EC0CB801877}.Debug|Any CPU.Build.0 = Debug|Any CPU
		{392687D2-7405-445F-8008-2EC0CB801877}.Release|Any CPU.ActiveCfg = Release|Any CPU
		{392687D2-7405-445F-8008-2EC0CB801877}.Release|Any CPU.Build.0 = Release|Any CPU
	EndGlobalSection
	GlobalSection(SolutionProperties) = preSolution
		HideSolutionNode = FALSE
	EndGlobalSection
	GlobalSection(ExtensibilityGlobals) = postSolution
		SolutionGuid = {90508220-2E1C-45AB-81DC-721C79E3CFC6}
	EndGlobalSection
EndGlobal
