
Microsoft Visual Studio Solution File, Format Version 12.00
# Visual Studio Version 16
VisualStudioVersion = 16.0.30503.244
MinimumVisualStudioVersion = 10.0.40219.1
Project("{FAE04EC0-301F-11D3-BF4B-00C04F79EFBC}") = "ProyectoQ008", "ProyectoQ008\ProyectoQ008.csproj", "{F21BDDC5-CBD4-4447-8921-E457C890AAD5}"
EndProject
Global
	GlobalSection(SolutionConfigurationPlatforms) = preSolution
		Debug|Any CPU = Debug|Any CPU
		Release|Any CPU = Release|Any CPU
	EndGlobalSection
	GlobalSection(ProjectConfigurationPlatforms) = postSolution
		{F21BDDC5-CBD4-4447-8921-E457C890AAD5}.Debug|Any CPU.ActiveCfg = Debug|Any CPU
		{F21BDDC5-CBD4-4447-8921-E457C890AAD5}.Debug|Any CPU.Build.0 = Debug|Any CPU
		{F21BDDC5-CBD4-4447-8921-E457C890AAD5}.Release|Any CPU.ActiveCfg = Release|Any CPU
		{F21BDDC5-CBD4-4447-8921-E457C890AAD5}.Release|Any CPU.Build.0 = Release|Any CPU
	EndGlobalSection
	GlobalSection(SolutionProperties) = preSolution
		HideSolutionNode = FALSE
	EndGlobalSection
	GlobalSection(ExtensibilityGlobals) = postSolution
		SolutionGuid = {A72DD2A9-1625-486C-B711-435D913FF0A9}
	EndGlobalSection
EndGlobal
